<Solution>
  <Folder Name="/src/">
    <Project Path="src/MediCore.API/MediCore.API.csproj" />
    <Project Path="src/MediCore.Application/MediCore.Application.csproj" />
    <Project Path="src/MediCore.BlazorUI/MediCore.BlazorUI.csproj" />
    <Project Path="src/MediCore.Domain/MediCore.Domain.csproj" />
    <Project Path="src/MediCore.Infrastructure/MediCore.Infrastructure.csproj" />
    <Project Path="src/MediCore.Shared/MediCore.Shared.csproj" />
  </Folder>
</Solution>
